
Microsoft Visual Studio Solution File, Format Version 12.00
# Visual Studio 14
VisualStudioVersion = 14.0.25420.1
MinimumVisualStudioVersion = 10.0.40219.1
Project("{FAE04EC0-301F-11D3-BF4B-00C04F79EFBC}") = "AddressBookWebAPI", "AddressBookWebAPI\AddressBookWebAPI.csproj", "{E5231D14-E5EE-430F-A8D3-EE6568F94A45}"
EndProject
Project("{FAE04EC0-301F-11D3-BF4B-00C04F79EFBC}") = "AddressBookUnitTest", "AddressBookUnitTest\AddressBookUnitTest.csproj", "{963B3674-2DA9-46B4-A145-43E0619552A2}"
EndProject
Global
	GlobalSection(SolutionConfigurationPlatforms) = preSolution
		Debug|Any CPU = Debug|Any CPU
		Release|Any CPU = Release|Any CPU
	EndGlobalSection
	GlobalSection(ProjectConfigurationPlatforms) = postSolution
		{E5231D14-E5EE-430F-A8D3-EE6568F94A45}.Debug|Any CPU.ActiveCfg = Debug|Any CPU
		{E5231D14-E5EE-430F-A8D3-EE6568F94A45}.Debug|Any CPU.Build.0 = Debug|Any CPU
		{E5231D14-E5EE-430F-A8D3-EE6568F94A45}.Release|Any CPU.ActiveCfg = Release|Any CPU
		{E5231D14-E5EE-430F-A8D3-EE6568F94A45}.Release|Any CPU.Build.0 = Release|Any CPU
		{963B3674-2DA9-46B4-A145-43E0619552A2}.Debug|Any CPU.ActiveCfg = Debug|Any CPU
		{963B3674-2DA9-46B4-A145-43E0619552A2}.Debug|Any CPU.Build.0 = Debug|Any CPU
		{963B3674-2DA9-46B4-A145-43E0619552A2}.Release|Any CPU.ActiveCfg = Release|Any CPU
		{963B3674-2DA9-46B4-A145-43E0619552A2}.Release|Any CPU.Build.0 = Release|Any CPU
	EndGlobalSection
	GlobalSection(SolutionProperties) = preSolution
		HideSolutionNode = FALSE
	EndGlobalSection
EndGlobal
